lockfileVersion: '6.0'

settings:
  autoInstallPeers: true
  excludeLinksFromLockfile: false

dependencies:
  graphql:
    specifier: ^16.7.1
    version: 16.7.1

devDependencies:
  '@types/node':
    specifier: ^20.4.5
    version: 20.4.5
  bun-types:
    specifier: ^0.7.1
    version: 0.7.1
  typescript:
    specifier: ^5.1.6
    version: 5.1.6

packages:

  /@types/node@20.4.5:
    resolution: {integrity: sha512-rt40Nk13II9JwQBdeYqmbn2Q6IVTA5uPhvSO+JVqdXw/6/4glI6oR9ezty/A9Hg5u7JH4OmYmuQ+XvjKm0Datg==}
    dev: true

  /bun-types@0.7.1:
    resolution: {integrity: sha512-TwB4gqwPIWuBFpvISEOciXr9W+yi5b+zRLiydOxawXuQEdgFHnEYdIUDZbIJ6/dtiHJIGBBS/KY+0qwJL5FDKQ==}
    dev: true

  /graphql@16.7.1:
    resolution: {integrity: sha512-DRYR9tf+UGU0KOsMcKAlXeFfX89UiiIZ0dRU3mR0yJfu6OjZqUcp68NnFLnqQU5RexygFoDy1EW+ccOYcPfmHg==}
    engines: {node: ^12.22.0 || ^14.16.0 || ^16.0.0 || >=17.0.0}
    dev: false

  /typescript@5.1.6:
    resolution: {integrity: sha512-zaWCozRZ6DLEWAWFrVDz1H6FVXzUSfTy5FUMWsQlU8Ym5JP9eO4xkTIROFCQvhQf61z6O/G6ugw3SgAnvvm+HA==}
    engines: {node: '>=14.17'}
    hasBin: true
    dev: true
